// !$*UTF8*$!
{
	archiveVersion = 1;
	classes = {
	};
	objectVersion = 56;
	objects = {

/* Begin PBXBuildFile section */
		A1E6C1522A6FB733000C3DBB /* Assets.xcassets in Resources */ = {isa = PBXBuildFile; fileRef = A1E6C1512A6FB733000C3DBB /* Assets.xcassets */; };
		A1E6C1562A6FB733000C3DBB /* Preview Assets.xcassets in Resources */ = {isa = PBXBuildFile; fileRef = A1E6C1552A6FB733000C3DBB /* Preview Assets.xcassets */; };
		A1E6C1612A6FB756000C3DBB /* LockedView.swift in Sources */ = {isa = PBXBuildFile; fileRef = A1E6C15C2A6FB756000C3DBB /* LockedView.swift */; };
		A1E6C1622A6FB756000C3DBB /* MapView.swift in Sources */ = {isa = PBXBuildFile; fileRef = A1E6C15D2A6FB756000C3DBB /* MapView.swift */; };
		A1E6C1642A6FB756000C3DBB /* DrawingView.swift in Sources */ = {isa = PBXBuildFile; fileRef = A1E6C15F2A6FB756000C3DBB /* DrawingView.swift */; };
		A1E6C1652A6FB756000C3DBB /* EntryView.swift in Sources */ = {isa = PBXBuildFile; fileRef = A1E6C1602A6FB756000C3DBB /* EntryView.swift */; };
		A1E6C16E2A6FB78E000C3DBB /* SpeechRecognizer.swift in Sources */ = {isa = PBXBuildFile; fileRef = A1E6C16C2A6FB78E000C3DBB /* SpeechRecognizer.swift */; };
		A1E6C16F2A6FB78E000C3DBB /* LocationManager.swift in Sources */ = {isa = PBXBuildFile; fileRef = A1E6C16A2A6FB78E000C3DBB /* LocationManager.swift */; };
		A1E6C1702A6FB78E000C3DBB /* SecurityController.swift in Sources */ = {isa = PBXBuildFile; fileRef = A1E6C16D2A6FB78E000C3DBB /* SecurityController.swift */; };
		A1E6C1712A6FB78E000C3DBB /* DrawingViewController.swift in Sources */ = {isa = PBXBuildFile; fileRef = A1E6C16B2A6FB78E000C3DBB /* DrawingViewController.swift */; };
		A1E6C1742A6FB7A3000C3DBB /* Entry.swift in Sources */ = {isa = PBXBuildFile; fileRef = A1E6C1732A6FB7A3000C3DBB /* Entry.swift */; };
		A1E6C1772A6FB7B1000C3DBB /* JournalApp.swift in Sources */ = {isa = PBXBuildFile; fileRef = A1E6C1762A6FB7B1000C3DBB /* JournalApp.swift */; };
/* End PBXBuildFile section */

/* Begin PBXFileReference section */
		A1E6C1482A6FB731000C3DBB /* Journal.app */ = {isa = PBXFileReference; explicitFileType = wrapper.application; includeInIndex = 0; path = Journal.app; sourceTree = BUILT_PRODUCTS_DIR; };
		A1E6C1512A6FB733000C3DBB /* Assets.xcassets */ = {isa = PBXFileReference; lastKnownFileType = folder.assetcatalog; path = Assets.xcassets; sourceTree = "<group>"; };
		A1E6C1552A6FB733000C3DBB /* Preview Assets.xcassets */ = {isa = PBXFileReference; lastKnownFileType = folder.assetcatalog; path = "Preview Assets.xcassets"; sourceTree = "<group>"; };
		A1E6C15C2A6FB756000C3DBB /* LockedView.swift */ = {isa = PBXFileReference; fileEncoding = 4; lastKnownFileType = sourcecode.swift; path = LockedView.swift; sourceTree = "<group>"; };
		A1E6C15D2A6FB756000C3DBB /* MapView.swift */ = {isa = PBXFileReference; fileEncoding = 4; lastKnownFileType = sourcecode.swift; path = MapView.swift; sourceTree = "<group>"; };
		A1E6C15F2A6FB756000C3DBB /* DrawingView.swift */ = {isa = PBXFileReference; fileEncoding = 4; lastKnownFileType = sourcecode.swift; path = DrawingView.swift; sourceTree = "<group>"; };
		A1E6C1602A6FB756000C3DBB /* EntryView.swift */ = {isa = PBXFileReference; fileEncoding = 4; lastKnownFileType = sourcecode.swift; path = EntryView.swift; sourceTree = "<group>"; };
		A1E6C1692A6FB779000C3DBB /* ContentView.swift */ = {isa = PBXFileReference; lastKnownFileType = sourcecode.swift; path = ContentView.swift; sourceTree = "<group>"; };
		A1E6C16A2A6FB78E000C3DBB /* LocationManager.swift */ = {isa = PBXFileReference; lastKnownFileType = sourcecode.swift; path = LocationManager.swift; sourceTree = "<group>"; };
		A1E6C16B2A6FB78E000C3DBB /* DrawingViewController.swift */ = {isa = PBXFileReference; lastKnownFileType = sourcecode.swift; path = DrawingViewController.swift; sourceTree = "<group>"; };
		A1E6C16C2A6FB78E000C3DBB /* SpeechRecognizer.swift */ = {isa = PBXFileReference; lastKnownFileType = sourcecode.swift; path = SpeechRecognizer.swift; sourceTree = "<group>"; };
		A1E6C16D2A6FB78E000C3DBB /* SecurityController.swift */ = {isa = PBXFileReference; lastKnownFileType = sourcecode.swift; path = SecurityController.swift; sourceTree = "<group>"; };
		A1E6C1732A6FB7A3000C3DBB /* Entry.swift */ = {isa = PBXFileReference; fileEncoding = 4; lastKnownFileType = sourcecode.swift; path = Entry.swift; sourceTree = "<group>"; };
		A1E6C1762A6FB7B1000C3DBB /* JournalApp.swift */ = {isa = PBXFileReference; fileEncoding = 4; lastKnownFileType = sourcecode.swift; path = JournalApp.swift; sourceTree = "<group>"; };
		A1E6C17A2A6FB7D4000C3DBB /* Journal.entitlements */ = {isa = PBXFileReference; lastKnownFileType = text.plist.entitlements; path = Journal.entitlements; sourceTree = "<group>"; };
/* End PBXFileReference section */

/* Begin PBXFrameworksBuildPhase section */
		A1E6C1452A6FB731000C3DBB /* Frameworks */ = {
			isa = PBXFrameworksBuildPhase;
			buildActionMask = 2147483647;
			files = (
			);
			runOnlyForDeploymentPostprocessing = 0;
		};
/* End PBXFrameworksBuildPhase section */

/* Begin PBXGroup section */
		A1E6C13F2A6FB731000C3DBB = {
			isa = PBXGroup;
			children = (
				A1E6C14A2A6FB731000C3DBB /* Journal */,
				A1E6C1492A6FB731000C3DBB /* Products */,
			);
			sourceTree = "<group>";
		};
		A1E6C1492A6FB731000C3DBB /* Products */ = {
			isa = PBXGroup;
			children = (
				A1E6C1482A6FB731000C3DBB /* Journal.app */,
			);
			name = Products;
			sourceTree = "<group>";
		};
		A1E6C14A2A6FB731000C3DBB /* Journal */ = {
			isa = PBXGroup;
			children = (
				A1E6C1762A6FB7B1000C3DBB /* JournalApp.swift */,
				A1E6C1752A6FB7A6000C3DBB /* Models */,
				A1E6C1722A6FB797000C3DBB /* Helpers */,
				A1E6C1682A6FB779000C3DBB /* Views */,
				A1E6C1512A6FB733000C3DBB /* Assets.xcassets */,
				A1E6C17A2A6FB7D4000C3DBB /* Journal.entitlements */,
				A1E6C1542A6FB733000C3DBB /* Preview Content */,
			);
			path = Journal;
			sourceTree = "<group>";
		};
		A1E6C1542A6FB733000C3DBB /* Preview Content */ = {
			isa = PBXGroup;
			children = (
				A1E6C1552A6FB733000C3DBB /* Preview Assets.xcassets */,
			);
			path = "Preview Content";
			sourceTree = "<group>";
		};
		A1E6C1682A6FB779000C3DBB /* Views */ = {
			isa = PBXGroup;
			children = (
				A1E6C1692A6FB779000C3DBB /* ContentView.swift */,
				A1E6C15F2A6FB756000C3DBB /* DrawingView.swift */,
				A1E6C1602A6FB756000C3DBB /* EntryView.swift */,
				A1E6C15C2A6FB756000C3DBB /* LockedView.swift */,
				A1E6C15D2A6FB756000C3DBB /* MapView.swift */,
			);
			path = Views;
			sourceTree = "<group>";
		};
		A1E6C1722A6FB797000C3DBB /* Helpers */ = {
			isa = PBXGroup;
			children = (
				A1E6C16B2A6FB78E000C3DBB /* DrawingViewController.swift */,
				A1E6C16A2A6FB78E000C3DBB /* LocationManager.swift */,
				A1E6C16D2A6FB78E000C3DBB /* SecurityController.swift */,
				A1E6C16C2A6FB78E000C3DBB /* SpeechRecognizer.swift */,
			);
			path = Helpers;
			sourceTree = "<group>";
		};
		A1E6C1752A6FB7A6000C3DBB /* Models */ = {
			isa = PBXGroup;
			children = (
				A1E6C1732A6FB7A3000C3DBB /* Entry.swift */,
			);
			path = Models;
			sourceTree = "<group>";
		};
/* End PBXGroup section */

/* Begin PBXNativeTarget section */
		A1E6C1472A6FB731000C3DBB /* Journal */ = {
			isa = PBXNativeTarget;
			buildConfigurationList = A1E6C1592A6FB733000C3DBB /* Build configuration list for PBXNativeTarget "Journal" */;
			buildPhases = (
				A1E6C1442A6FB731000C3DBB /* Sources */,
				A1E6C1452A6FB731000C3DBB /* Frameworks */,
				A1E6C1462A6FB731000C3DBB /* Resources */,
			);
			buildRules = (
			);
			dependencies = (
			);
			name = Journal;
			productName = Journal;
			productReference = A1E6C1482A6FB731000C3DBB /* Journal.app */;
			productType = "com.apple.product-type.application";
		};
/* End PBXNativeTarget section */

/* Begin PBXProject section */
		A1E6C1402A6FB731000C3DBB /* Project object */ = {
			isa = PBXProject;
			attributes = {
				BuildIndependentTargetsInParallel = 1;
				LastSwiftUpdateCheck = 1500;
				LastUpgradeCheck = 1500;
				TargetAttributes = {
					A1E6C1472A6FB731000C3DBB = {
						CreatedOnToolsVersion = 15.0;
					};
				};
			};
			buildConfigurationList = A1E6C1432A6FB731000C3DBB /* Build configuration list for PBXProject "Journal" */;
			compatibilityVersion = "Xcode 14.0";
			developmentRegion = en;
			hasScannedForEncodings = 0;
			knownRegions = (
				en,
				Base,
			);
			mainGroup = A1E6C13F2A6FB731000C3DBB;
			productRefGroup = A1E6C1492A6FB731000C3DBB /* Products */;
			projectDirPath = "";
			projectRoot = "";
			targets = (
				A1E6C1472A6FB731000C3DBB /* Journal */,
			);
		};
/* End PBXProject section */

/* Begin PBXResourcesBuildPhase section */
		A1E6C1462A6FB731000C3DBB /* Resources */ = {
			isa = PBXResourcesBuildPhase;
			buildActionMask = 2147483647;
			files = (
				A1E6C1562A6FB733000C3DBB /* Preview Assets.xcassets in Resources */,
				A1E6C1522A6FB733000C3DBB /* Assets.xcassets in Resources */,
			);
			runOnlyForDeploymentPostprocessing = 0;
		};
/* End PBXResourcesBuildPhase section */

/* Begin PBXSourcesBuildPhase section */
		A1E6C1442A6FB731000C3DBB /* Sources */ = {
			isa = PBXSourcesBuildPhase;
			buildActionMask = 2147483647;
			files = (
				A1E6C1742A6FB7A3000C3DBB /* Entry.swift in Sources */,
				A1E6C1642A6FB756000C3DBB /* DrawingView.swift in Sources */,
				A1E6C1612A6FB756000C3DBB /* LockedView.swift in Sources */,
				A1E6C16F2A6FB78E000C3DBB /* LocationManager.swift in Sources */,
				A1E6C1712A6FB78E000C3DBB /* DrawingViewController.swift in Sources */,
				A1E6C1622A6FB756000C3DBB /* MapView.swift in Sources */,
				A1E6C1772A6FB7B1000C3DBB /* JournalApp.swift in Sources */,
				A1E6C1652A6FB756000C3DBB /* EntryView.swift in Sources */,
				A1E6C16E2A6FB78E000C3DBB /* SpeechRecognizer.swift in Sources */,
				A1E6C1702A6FB78E000C3DBB /* SecurityController.swift in Sources */,
			);
			runOnlyForDeploymentPostprocessing = 0;
		};
/* End PBXSourcesBuildPhase section */

/* Begin XCBuildConfiguration section */
		A1E6C1572A6FB733000C3DBB /* Debug */ = {
			isa = XCBuildConfiguration;
			buildSettings = {
				ALWAYS_SEARCH_USER_PATHS = NO;
				ASSETCATALOG_COMPILER_GENERATE_SWIFT_ASSET_SYMBOL_EXTENSIONS = YES;
				CLANG_ANALYZER_NONNULL = YES;
				CLANG_ANALYZER_NUMBER_OBJECT_CONVERSION = YES_AGGRESSIVE;
				CLANG_CXX_LANGUAGE_STANDARD = "gnu++20";
				CLANG_ENABLE_MODULES = YES;
				CLANG_ENABLE_OBJC_ARC = YES;
				CLANG_ENABLE_OBJC_WEAK = YES;
				CLANG_WARN_BLOCK_CAPTURE_AUTORELEASING = YES;
				CLANG_WARN_BOOL_CONVERSION = YES;
				CLANG_WARN_COMMA = YES;
				CLANG_WARN_CONSTANT_CONVERSION = YES;
				CLANG_WARN_DEPRECATED_OBJC_IMPLEMENTATIONS = YES;
				CLANG_WARN_DIRECT_OBJC_ISA_USAGE = YES_ERROR;
				CLANG_WARN_DOCUMENTATION_COMMENTS = YES;
				CLANG_WARN_EMPTY_BODY = YES;
				CLANG_WARN_ENUM_CONVERSION = YES;
				CLANG_WARN_INFINITE_RECURSION = YES;
				CLANG_WARN_INT_CONVERSION = YES;
				CLANG_WARN_NON_LITERAL_NULL_CONVERSION = YES;
				CLANG_WARN_OBJC_IMPLICIT_RETAIN_SELF = YES;
				CLANG_WARN_OBJC_LITERAL_CONVERSION = YES;
				CLANG_WARN_OBJC_ROOT_CLASS = YES_ERROR;
				CLANG_WARN_QUOTED_INCLUDE_IN_FRAMEWORK_HEADER = YES;
				CLANG_WARN_RANGE_LOOP_ANALYSIS = YES;
				CLANG_WARN_STRICT_PROTOTYPES = YES;
				CLANG_WARN_SUSPICIOUS_MOVE = YES;
				CLANG_WARN_UNGUARDED_AVAILABILITY = YES_AGGRESSIVE;
				CLANG_WARN_UNREACHABLE_CODE = YES;
				CLANG_WARN__DUPLICATE_METHOD_MATCH = YES;
				COPY_PHASE_STRIP = NO;
				DEBUG_INFORMATION_FORMAT = dwarf;
				ENABLE_STRICT_OBJC_MSGSEND = YES;
				ENABLE_TESTABILITY = YES;
				ENABLE_USER_SCRIPT_SANDBOXING = YES;
				GCC_C_LANGUAGE_STANDARD = gnu17;
				GCC_DYNAMIC_NO_PIC = NO;
				GCC_NO_COMMON_BLOCKS = YES;
				GCC_OPTIMIZATION_LEVEL = 0;
				GCC_PREPROCESSOR_DEFINITIONS = (
					"DEBUG=1",
					"$(inherited)",
				);
				GCC_WARN_64_TO_32_BIT_CONVERSION = YES;
				GCC_WARN_ABOUT_RETURN_TYPE = YES_ERROR;
				GCC_WARN_UNDECLARED_SELECTOR = YES;
				GCC_WARN_UNINITIALIZED_AUTOS = YES_AGGRESSIVE;
				GCC_WARN_UNUSED_FUNCTION = YES;
				GCC_WARN_UNUSED_VARIABLE = YES;
				LOCALIZATION_PREFERS_STRING_CATALOGS = YES;
				MTL_ENABLE_DEBUG_INFO = INCLUDE_SOURCE;
				MTL_FAST_MATH = YES;
				ONLY_ACTIVE_ARCH = YES;
				SWIFT_ACTIVE_COMPILATION_CONDITIONS = "DEBUG $(inherited)";
				SWIFT_OPTIMIZATION_LEVEL = "-Onone";
			};
			name = Debug;
		};
		A1E6C1582A6FB733000C3DBB /* Release */ = {
			isa = XCBuildConfiguration;
			buildSettings = {
				ALWAYS_SEARCH_USER_PATHS = NO;
				ASSETCATALOG_COMPILER_GENERATE_SWIFT_ASSET_SYMBOL_EXTENSIONS = YES;
				CLANG_ANALYZER_NONNULL = YES;
				CLANG_ANALYZER_NUMBER_OBJECT_CONVERSION = YES_AGGRESSIVE;
				CLANG_CXX_LANGUAGE_STANDARD = "gnu++20";
				CLANG_ENABLE_MODULES = YES;
				CLANG_ENABLE_OBJC_ARC = YES;
				CLANG_ENABLE_OBJC_WEAK = YES;
				CLANG_WARN_BLOCK_CAPTURE_AUTORELEASING = YES;
				CLANG_WARN_BOOL_CONVERSION = YES;
				CLANG_WARN_COMMA = YES;
				CLANG_WARN_CONSTANT_CONVERSION = YES;
				CLANG_WARN_DEPRECATED_OBJC_IMPLEMENTATIONS = YES;
				CLANG_WARN_DIRECT_OBJC_ISA_USAGE = YES_ERROR;
				CLANG_WARN_DOCUMENTATION_COMMENTS = YES;
				CLANG_WARN_EMPTY_BODY = YES;
				CLANG_WARN_ENUM_CONVERSION = YES;
				CLANG_WARN_INFINITE_RECURSION = YES;
				CLANG_WARN_INT_CONVERSION = YES;
				CLANG_WARN_NON_LITERAL_NULL_CONVERSION = YES;
				CLANG_WARN_OBJC_IMPLICIT_RETAIN_SELF = YES;
				CLANG_WARN_OBJC_LITERAL_CONVERSION = YES;
				CLANG_WARN_OBJC_ROOT_CLASS = YES_ERROR;
				CLANG_WARN_QUOTED_INCLUDE_IN_FRAMEWORK_HEADER = YES;
				CLANG_WARN_RANGE_LOOP_ANALYSIS = YES;
				CLANG_WARN_STRICT_PROTOTYPES = YES;
				CLANG_WARN_SUSPICIOUS_MOVE = YES;
				CLANG_WARN_UNGUARDED_AVAILABILITY = YES_AGGRESSIVE;
				CLANG_WARN_UNREACHABLE_CODE = YES;
				CLANG_WARN__DUPLICATE_METHOD_MATCH = YES;
				COPY_PHASE_STRIP = NO;
				DEBUG_INFORMATION_FORMAT = "dwarf-with-dsym";
				ENABLE_NS_ASSERTIONS = NO;
				ENABLE_STRICT_OBJC_MSGSEND = YES;
				ENABLE_USER_SCRIPT_SANDBOXING = YES;
				GCC_C_LANGUAGE_STANDARD = gnu17;
				GCC_NO_COMMON_BLOCKS = YES;
				GCC_WARN_64_TO_32_BIT_CONVERSION = YES;
				GCC_WARN_ABOUT_RETURN_TYPE = YES_ERROR;
				GCC_WARN_UNDECLARED_SELECTOR = YES;
				GCC_WARN_UNINITIALIZED_AUTOS = YES_AGGRESSIVE;
				GCC_WARN_UNUSED_FUNCTION = YES;
				GCC_WARN_UNUSED_VARIABLE = YES;
				LOCALIZATION_PREFERS_STRING_CATALOGS = YES;
				MTL_ENABLE_DEBUG_INFO = NO;
				MTL_FAST_MATH = YES;
				SWIFT_COMPILATION_MODE = wholemodule;
			};
			name = Release;
		};
		A1E6C15A2A6FB733000C3DBB /* Debug */ = {
			isa = XCBuildConfiguration;
			buildSettings = {
				ASSETCATALOG_COMPILER_APPICON_NAME = AppIcon;
				ASSETCATALOG_COMPILER_GLOBAL_ACCENT_COLOR_NAME = AccentColor;
				CODE_SIGN_ENTITLEMENTS = Journal/Journal.entitlements;
				CODE_SIGN_STYLE = Automatic;
				CURRENT_PROJECT_VERSION = 1;
				DEVELOPMENT_ASSET_PATHS = "\"Journal/Preview Content\"";
				DEVELOPMENT_TEAM = VW9T6WTC98;
				ENABLE_HARDENED_RUNTIME = YES;
				ENABLE_PREVIEWS = YES;
				GENERATE_INFOPLIST_FILE = YES;
				"INFOPLIST_KEY_UIApplicationSceneManifest_Generation[sdk=iphoneos*]" = YES;
				"INFOPLIST_KEY_UIApplicationSceneManifest_Generation[sdk=iphonesimulator*]" = YES;
				"INFOPLIST_KEY_UIApplicationSupportsIndirectInputEvents[sdk=iphoneos*]" = YES;
				"INFOPLIST_KEY_UIApplicationSupportsIndirectInputEvents[sdk=iphonesimulator*]" = YES;
				"INFOPLIST_KEY_UILaunchScreen_Generation[sdk=iphoneos*]" = YES;
				"INFOPLIST_KEY_UILaunchScreen_Generation[sdk=iphonesimulator*]" = YES;
				"INFOPLIST_KEY_UIStatusBarStyle[sdk=iphoneos*]" = UIStatusBarStyleDefault;
				"INFOPLIST_KEY_UIStatusBarStyle[sdk=iphonesimulator*]" = UIStatusBarStyleDefault;
				INFOPLIST_KEY_UISupportedInterfaceOrientations_iPad = "UIInterfaceOrientationPortrait UIInterfaceOrientationPortraitUpsideDown UIInterfaceOrientationLandscapeLeft UIInterfaceOrientationLandscapeRight";
				INFOPLIST_KEY_UISupportedInterfaceOrientations_iPhone = "UIInterfaceOrientationPortrait UIInterfaceOrientationLandscapeLeft UIInterfaceOrientationLandscapeRight";
				IPHONEOS_DEPLOYMENT_TARGET = 17.0;
				LD_RUNPATH_SEARCH_PATHS = "@executable_path/Frameworks";
				"LD_RUNPATH_SEARCH_PATHS[sdk=macosx*]" = "@executable_path/../Frameworks";
				MACOSX_DEPLOYMENT_TARGET = 13.4;
				MARKETING_VERSION = 1.0;
				PRODUCT_BUNDLE_IDENTIFIER = kmelicode.Journal;
				PRODUCT_NAME = "$(TARGET_NAME)";
				SDKROOT = auto;
				SUPPORTED_PLATFORMS = "iphoneos iphonesimulator macosx";
				SWIFT_EMIT_LOC_STRINGS = YES;
				SWIFT_VERSION = 5.0;
				TARGETED_DEVICE_FAMILY = "1,2";
			};
			name = Debug;
		};
		A1E6C15B2A6FB733000C3DBB /* Release */ = {
			isa = XCBuildConfiguration;
			buildSettings = {
				ASSETCATALOG_COMPILER_APPICON_NAME = AppIcon;
				ASSETCATALOG_COMPILER_GLOBAL_ACCENT_COLOR_NAME = AccentColor;
				CODE_SIGN_ENTITLEMENTS = Journal/Journal.entitlements;
				CODE_SIGN_STYLE = Automatic;
				CURRENT_PROJECT_VERSION = 1;
				DEVELOPMENT_ASSET_PATHS = "\"Journal/Preview Content\"";
				DEVELOPMENT_TEAM = VW9T6WTC98;
				ENABLE_HARDENED_RUNTIME = YES;
				ENABLE_PREVIEWS = YES;
				GENERATE_INFOPLIST_FILE = YES;
				"INFOPLIST_KEY_UIApplicationSceneManifest_Generation[sdk=iphoneos*]" = YES;
				"INFOPLIST_KEY_UIApplicationSceneManifest_Generation[sdk=iphonesimulator*]" = YES;
				"INFOPLIST_KEY_UIApplicationSupportsIndirectInputEvents[sdk=iphoneos*]" = YES;
				"INFOPLIST_KEY_UIApplicationSupportsIndirectInputEvents[sdk=iphonesimulator*]" = YES;
				"INFOPLIST_KEY_UILaunchScreen_Generation[sdk=iphoneos*]" = YES;
				"INFOPLIST_KEY_UILaunchScreen_Generation[sdk=iphonesimulator*]" = YES;
				"INFOPLIST_KEY_UIStatusBarStyle[sdk=iphoneos*]" = UIStatusBarStyleDefault;
				"INFOPLIST_KEY_UIStatusBarStyle[sdk=iphonesimulator*]" = UIStatusBarStyleDefault;
				INFOPLIST_KEY_UISupportedInterfaceOrientations_iPad = "UIInterfaceOrientationPortrait UIInterfaceOrientationPortraitUpsideDown UIInterfaceOrientationLandscapeLeft UIInterfaceOrientationLandscapeRight";
				INFOPLIST_KEY_UISupportedInterfaceOrientations_iPhone = "UIInterfaceOrientationPortrait UIInterfaceOrientationLandscapeLeft UIInterfaceOrientationLandscapeRight";
				IPHONEOS_DEPLOYMENT_TARGET = 17.0;
				LD_RUNPATH_SEARCH_PATHS = "@executable_path/Frameworks";
				"LD_RUNPATH_SEARCH_PATHS[sdk=macosx*]" = "@executable_path/../Frameworks";
				MACOSX_DEPLOYMENT_TARGET = 13.4;
				MARKETING_VERSION = 1.0;
				PRODUCT_BUNDLE_IDENTIFIER = kmelicode.Journal;
				PRODUCT_NAME = "$(TARGET_NAME)";
				SDKROOT = auto;
				SUPPORTED_PLATFORMS = "iphoneos iphonesimulator macosx";
				SWIFT_EMIT_LOC_STRINGS = YES;
				SWIFT_VERSION = 5.0;
				TARGETED_DEVICE_FAMILY = "1,2";
			};
			name = Release;
		};
/* End XCBuildConfiguration section */

/* Begin XCConfigurationList section */
		A1E6C1432A6FB731000C3DBB /* Build configuration list for PBXProject "Journal" */ = {
			isa = XCConfigurationList;
			buildConfigurations = (
				A1E6C1572A6FB733000C3DBB /* Debug */,
				A1E6C1582A6FB733000C3DBB /* Release */,
			);
			defaultConfigurationIsVisible = 0;
			defaultConfigurationName = Release;
		};
		A1E6C1592A6FB733000C3DBB /* Build configuration list for PBXNativeTarget "Journal" */ = {
			isa = XCConfigurationList;
			buildConfigurations = (
				A1E6C15A2A6FB733000C3DBB /* Debug */,
				A1E6C15B2A6FB733000C3DBB /* Release */,
			);
			defaultConfigurationIsVisible = 0;
			defaultConfigurationName = Release;
		};
/* End XCConfigurationList section */
	};
	rootObject = A1E6C1402A6FB731000C3DBB /* Project object */;
}
